
Microsoft Visual Studio Solution File, Format Version 12.00
# Visual Studio 15
VisualStudioVersion = 15.0.28010.2048
MinimumVisualStudioVersion = 10.0.40219.1
Project("{FAE04EC0-301F-11D3-BF4B-00C04F79EFBC}") = "Rtl.Configuration.Validation", "Rtl.Configuration.Validation\Rtl.Configuration.Validation.csproj", "{33600241-190D-4FD7-A347-9886239F7BAA}"
EndProject
Global
	GlobalSection(SolutionConfigurationPlatforms) = preSolution
		Debug|Any CPU = Debug|Any CPU
		Release|Any CPU = Release|Any CPU
	EndGlobalSection
	GlobalSection(ProjectConfigurationPlatforms) = postSolution
		{33600241-190D-4FD7-A347-9886239F7BAA}.Debug|Any CPU.ActiveCfg = Debug|Any CPU
		{33600241-190D-4FD7-A347-9886239F7BAA}.Debug|Any CPU.Build.0 = Debug|Any CPU
		{33600241-190D-4FD7-A347-9886239F7BAA}.Release|Any CPU.ActiveCfg = Release|Any CPU
		{33600241-190D-4FD7-A347-9886239F7BAA}.Release|Any CPU.Build.0 = Release|Any CPU
	EndGlobalSection
	GlobalSection(SolutionProperties) = preSolution
		HideSolutionNode = FALSE
	EndGlobalSection
	GlobalSection(ExtensibilityGlobals) = postSolution
		SolutionGuid = {1F24B006-B861-4962-A599-BE9AFE0A663B}
	EndGlobalSection
EndGlobal
